
Microsoft Visual Studio Solution File, Format Version 12.00
# Visual Studio Version 17
VisualStudioVersion = 17.1.32328.378
MinimumVisualStudioVersion = 10.0.40219.1
Project("{FAE04EC0-301F-11D3-BF4B-00C04F79EFBC}") = "Calendario", "Calendario\Calendario.csproj", "{13BA535C-3B6C-4D4A-8F1C-21D8F14E8EDF}"
EndProject
Global
	GlobalSection(SolutionConfigurationPlatforms) = preSolution
		Debug|Any CPU = Debug|Any CPU
		Release|Any CPU = Release|Any CPU
	EndGlobalSection
	GlobalSection(ProjectConfigurationPlatforms) = postSolution
		{13BA535C-3B6C-4D4A-8F1C-21D8F14E8EDF}.Debug|Any CPU.ActiveCfg = Debug|Any CPU
		{13BA535C-3B6C-4D4A-8F1C-21D8F14E8EDF}.Debug|Any CPU.Build.0 = Debug|Any CPU
		{13BA535C-3B6C-4D4A-8F1C-21D8F14E8EDF}.Release|Any CPU.ActiveCfg = Release|Any CPU
		{13BA535C-3B6C-4D4A-8F1C-21D8F14E8EDF}.Release|Any CPU.Build.0 = Release|Any CPU
	EndGlobalSection
	GlobalSection(SolutionProperties) = preSolution
		HideSolutionNode = FALSE
	EndGlobalSection
	GlobalSection(ExtensibilityGlobals) = postSolution
		SolutionGuid = {16616990-5AF9-4AB2-8EAD-DCCCED317260}
	EndGlobalSection
EndGlobal
